// !$*UTF8*$!
{
	archiveVersion = 1;
	classes = {
	};
	objectVersion = 46;
	objects = {

/* Begin PBXBuildFile section */
		9A0AFDFB1591162800B284A8 /* Foundation.framework in Frameworks */ = {isa = PBXBuildFile; fileRef = 9A0AFDFA1591162800B284A8 /* Foundation.framework */; };
		9A0AFDFE1591162800B284A8 /* main.m in Sources */ = {isa = PBXBuildFile; fileRef = 9A0AFDFD1591162800B284A8 /* main.m */; };
		9A0AFE021591162800B284A8 /* LDAPTest.1 in CopyFiles */ = {isa = PBXBuildFile; fileRef = 9A0AFE011591162800B284A8 /* LDAPTest.1 */; };
		9A0AFE0915911F8000B284A8 /* libldap.dylib in Frameworks */ = {isa = PBXBuildFile; fileRef = 9A0AFE0815911F8000B284A8 /* libldap.dylib */; };
/* End PBXBuildFile section */

/* Begin PBXCopyFilesBuildPhase section */
		9A0AFDF41591162800B284A8 /* CopyFiles */ = {
			isa = PBXCopyFilesBuildPhase;
			buildActionMask = 2147483647;
			dstPath = /usr/share/man/man1/;
			dstSubfolderSpec = 0;
			files = (
				9A0AFE021591162800B284A8 /* LDAPTest.1 in CopyFiles */,
			);
			runOnlyForDeploymentPostprocessing = 1;
		};
/* End PBXCopyFilesBuildPhase section */

/* Begin PBXFileReference section */
		9A0AFDF61591162800B284A8 /* LDAPTest */ = {isa = PBXFileReference; explicitFileType = "compiled.mach-o.executable"; includeInIndex = 0; path = LDAPTest; sourceTree = BUILT_PRODUCTS_DIR; };
		9A0AFDFA1591162800B284A8 /* Foundation.framework */ = {isa = PBXFileReference; lastKnownFileType = wrapper.framework; name = Foundation.framework; path = System/Library/Frameworks/Foundation.framework; sourceTree = SDKROOT; };
		9A0AFDFD1591162800B284A8 /* main.m */ = {isa = PBXFileReference; lastKnownFileType = sourcecode.c.objc; path = main.m; sourceTree = "<group>"; };
		9A0AFE001591162800B284A8 /* LDAPTest-Prefix.pch */ = {isa = PBXFileReference; lastKnownFileType = sourcecode.c.h; path = "LDAPTest-Prefix.pch"; sourceTree = "<group>"; };
		9A0AFE011591162800B284A8 /* LDAPTest.1 */ = {isa = PBXFileReference; lastKnownFileType = text.man; path = LDAPTest.1; sourceTree = "<group>"; };
		9A0AFE0815911F8000B284A8 /* libldap.dylib */ = {isa = PBXFileReference; lastKnownFileType = "compiled.mach-o.dylib"; name = libldap.dylib; path = usr/lib/libldap.dylib; sourceTree = SDKROOT; };
/* End PBXFileReference section */

/* Begin PBXFrameworksBuildPhase section */
		9A0AFDF31591162800B284A8 /* Frameworks */ = {
			isa = PBXFrameworksBuildPhase;
			buildActionMask = 2147483647;
			files = (
				9A0AFE0915911F8000B284A8 /* libldap.dylib in Frameworks */,
				9A0AFDFB1591162800B284A8 /* Foundation.framework in Frameworks */,
			);
			runOnlyForDeploymentPostprocessing = 0;
		};
/* End PBXFrameworksBuildPhase section */

/* Begin PBXGroup section */
		9A0AFDEB1591162800B284A8 = {
			isa = PBXGroup;
			children = (
				9A0AFDFC1591162800B284A8 /* LDAPTest */,
				9A0AFDF91591162800B284A8 /* Frameworks */,
				9A0AFDF71591162800B284A8 /* Products */,
			);
			sourceTree = "<group>";
		};
		9A0AFDF71591162800B284A8 /* Products */ = {
			isa = PBXGroup;
			children = (
				9A0AFDF61591162800B284A8 /* LDAPTest */,
			);
			name = Products;
			sourceTree = "<group>";
		};
		9A0AFDF91591162800B284A8 /* Frameworks */ = {
			isa = PBXGroup;
			children = (
				9A0AFE0815911F8000B284A8 /* libldap.dylib */,
				9A0AFDFA1591162800B284A8 /* Foundation.framework */,
			);
			name = Frameworks;
			sourceTree = "<group>";
		};
		9A0AFDFC1591162800B284A8 /* LDAPTest */ = {
			isa = PBXGroup;
			children = (
				9A0AFDFD1591162800B284A8 /* main.m */,
				9A0AFE011591162800B284A8 /* LDAPTest.1 */,
				9A0AFDFF1591162800B284A8 /* Supporting Files */,
			);
			path = LDAPTest;
			sourceTree = "<group>";
		};
		9A0AFDFF1591162800B284A8 /* Supporting Files */ = {
			isa = PBXGroup;
			children = (
				9A0AFE001591162800B284A8 /* LDAPTest-Prefix.pch */,
			);
			name = "Supporting Files";
			sourceTree = "<group>";
		};
/* End PBXGroup section */

/* Begin PBXNativeTarget section */
		9A0AFDF51591162800B284A8 /* LDAPTest */ = {
			isa = PBXNativeTarget;
			buildConfigurationList = 9A0AFE051591162800B284A8 /* Build configuration list for PBXNativeTarget "LDAPTest" */;
			buildPhases = (
				9A0AFDF21591162800B284A8 /* Sources */,
				9A0AFDF31591162800B284A8 /* Frameworks */,
				9A0AFDF41591162800B284A8 /* CopyFiles */,
			);
			buildRules = (
			);
			dependencies = (
			);
			name = LDAPTest;
			productName = LDAPTest;
			productReference = 9A0AFDF61591162800B284A8 /* LDAPTest */;
			productType = "com.apple.product-type.tool";
		};
/* End PBXNativeTarget section */

/* Begin PBXProject section */
		9A0AFDED1591162800B284A8 /* Project object */ = {
			isa = PBXProject;
			attributes = {
				LastUpgradeCheck = 0430;
				ORGANIZATIONNAME = "Morgan Consulting";
			};
			buildConfigurationList = 9A0AFDF01591162800B284A8 /* Build configuration list for PBXProject "LDAPTest" */;
			compatibilityVersion = "Xcode 3.2";
			developmentRegion = English;
			hasScannedForEncodings = 0;
			knownRegions = (
				en,
			);
			mainGroup = 9A0AFDEB1591162800B284A8;
			productRefGroup = 9A0AFDF71591162800B284A8 /* Products */;
			projectDirPath = "";
			projectRoot = "";
			targets = (
				9A0AFDF51591162800B284A8 /* LDAPTest */,
			);
		};
/* End PBXProject section */

/* Begin PBXSourcesBuildPhase section */
		9A0AFDF21591162800B284A8 /* Sources */ = {
			isa = PBXSourcesBuildPhase;
			buildActionMask = 2147483647;
			files = (
				9A0AFDFE1591162800B284A8 /* main.m in Sources */,
			);
			runOnlyForDeploymentPostprocessing = 0;
		};
/* End PBXSourcesBuildPhase section */

/* Begin XCBuildConfiguration section */
		9A0AFE031591162800B284A8 /* Debug */ = {
			isa = XCBuildConfiguration;
			buildSettings = {
				ALWAYS_SEARCH_USER_PATHS = NO;
				ARCHS = "$(ARCHS_STANDARD_64_BIT)";
				CLANG_ENABLE_OBJC_ARC = YES;
				COPY_PHASE_STRIP = NO;
				GCC_C_LANGUAGE_STANDARD = gnu99;
				GCC_DYNAMIC_NO_PIC = NO;
				GCC_ENABLE_OBJC_EXCEPTIONS = YES;
				GCC_OPTIMIZATION_LEVEL = 0;
				GCC_PREPROCESSOR_DEFINITIONS = (
					"DEBUG=1",
					"$(inherited)",
				);
				GCC_SYMBOLS_PRIVATE_EXTERN = NO;
				GCC_VERSION = com.apple.compilers.llvm.clang.1_0;
				GCC_WARN_64_TO_32_BIT_CONVERSION = YES;
				GCC_WARN_ABOUT_RETURN_TYPE = YES;
				GCC_WARN_UNINITIALIZED_AUTOS = YES;
				GCC_WARN_UNUSED_VARIABLE = YES;
				MACOSX_DEPLOYMENT_TARGET = 10.7;
				ONLY_ACTIVE_ARCH = YES;
				SDKROOT = macosx;
			};
			name = Debug;
		};
		9A0AFE041591162800B284A8 /* Release */ = {
			isa = XCBuildConfiguration;
			buildSettings = {
				ALWAYS_SEARCH_USER_PATHS = NO;
				ARCHS = "$(ARCHS_STANDARD_64_BIT)";
				CLANG_ENABLE_OBJC_ARC = YES;
				COPY_PHASE_STRIP = YES;
				DEBUG_INFORMATION_FORMAT = "dwarf-with-dsym";
				GCC_C_LANGUAGE_STANDARD = gnu99;
				GCC_ENABLE_OBJC_EXCEPTIONS = YES;
				GCC_VERSION = com.apple.compilers.llvm.clang.1_0;
				GCC_WARN_64_TO_32_BIT_CONVERSION = YES;
				GCC_WARN_ABOUT_RETURN_TYPE = YES;
				GCC_WARN_UNINITIALIZED_AUTOS = YES;
				GCC_WARN_UNUSED_VARIABLE = YES;
				MACOSX_DEPLOYMENT_TARGET = 10.7;
				SDKROOT = macosx;
			};
			name = Release;
		};
		9A0AFE061591162800B284A8 /* Debug */ = {
			isa = XCBuildConfiguration;
			buildSettings = {
				GCC_PRECOMPILE_PREFIX_HEADER = YES;
				GCC_PREFIX_HEADER = "LDAPTest/LDAPTest-Prefix.pch";
				PRODUCT_NAME = "$(TARGET_NAME)";
			};
			name = Debug;
		};
		9A0AFE071591162800B284A8 /* Release */ = {
			isa = XCBuildConfiguration;
			buildSettings = {
				GCC_PRECOMPILE_PREFIX_HEADER = YES;
				GCC_PREFIX_HEADER = "LDAPTest/LDAPTest-Prefix.pch";
				PRODUCT_NAME = "$(TARGET_NAME)";
			};
			name = Release;
		};
/* End XCBuildConfiguration section */

/* Begin XCConfigurationList section */
		9A0AFDF01591162800B284A8 /* Build configuration list for PBXProject "LDAPTest" */ = {
			isa = XCConfigurationList;
			buildConfigurations = (
				9A0AFE031591162800B284A8 /* Debug */,
				9A0AFE041591162800B284A8 /* Release */,
			);
			defaultConfigurationIsVisible = 0;
			defaultConfigurationName = Release;
		};
		9A0AFE051591162800B284A8 /* Build configuration list for PBXNativeTarget "LDAPTest" */ = {
			isa = XCConfigurationList;
			buildConfigurations = (
				9A0AFE061591162800B284A8 /* Debug */,
				9A0AFE071591162800B284A8 /* Release */,
			);
			defaultConfigurationIsVisible = 0;
		};
/* End XCConfigurationList section */
	};
	rootObject = 9A0AFDED1591162800B284A8 /* Project object */;
}
